Microsoft Visual Studio Solution File, Format Version 12.00
# Visual Studio Version 17
VisualStudioVersion = 17.5.2.0
MinimumVisualStudioVersion = 10.0.40219.1
Project("{FAE04EC0-301F-11D3-BF4B-00C04F79EFBC}") = "RadiologyHIS.API", "RadiologyHIS.API\RadiologyHIS.API.csproj", "{824E4162-E42F-B343-1FC6-2C25B9BEBF22}"
EndProject
Global
	GlobalSection(SolutionConfigurationPlatforms) = preSolution
		Debug|Any CPU = Debug|Any CPU
		Release|Any CPU = Release|Any CPU
	EndGlobalSection
	GlobalSection(ProjectConfigurationPlatforms) = postSolution
		{824E4162-E42F-B343-1FC6-2C25B9BEBF22}.Debug|Any CPU.ActiveCfg = Debug|Any CPU
		{824E4162-E42F-B343-1FC6-2C25B9BEBF22}.Debug|Any CPU.Build.0 = Debug|Any CPU
		{824E4162-E42F-B343-1FC6-2C25B9BEBF22}.Release|Any CPU.ActiveCfg = Release|Any CPU
		{824E4162-E42F-B343-1FC6-2C25B9BEBF22}.Release|Any CPU.Build.0 = Release|Any CPU
	EndGlobalSection
	GlobalSection(SolutionProperties) = preSolution
		HideSolutionNode = FALSE
	EndGlobalSection
	GlobalSection(ExtensibilityGlobals) = postSolution
		SolutionGuid = {7FCC69AD-AB25-43C3-B821-E4C859B91142}
	EndGlobalSection
EndGlobal
